// !$*UTF8*$!
{
	archiveVersion = 1;
	classes = {
	};
	objectVersion = 56;
	objects = {

/* Begin PBXBuildFile section */
		6E7065B32BDD62E5005DE93D /* View in Resources */ = {isa = PBXBuildFile; fileRef = 6E7065B22BDD62E5005DE93D /* View */; };
		6E7065BD2BDD63FF005DE93D /* Model in Resources */ = {isa = PBXBuildFile; fileRef = 6E7065BC2BDD63FF005DE93D /* Model */; };
		6ED4DCB82BD33C2300032E6B /* PokketApp.swift in Sources */ = {isa = PBXBuildFile; fileRef = 6ED4DCB72BD33C2300032E6B /* PokketApp.swift */; };
		6ED4DCBC2BD33C2500032E6B /* Assets.xcassets in Resources */ = {isa = PBXBuildFile; fileRef = 6ED4DCBB2BD33C2500032E6B /* Assets.xcassets */; };
		6ED4DCBF2BD33C2500032E6B /* Preview Assets.xcassets in Resources */ = {isa = PBXBuildFile; fileRef = 6ED4DCBE2BD33C2500032E6B /* Preview Assets.xcassets */; };
		81E6C2282BD43AA10002857A /* GoogleService-Info.plist in Resources */ = {isa = PBXBuildFile; fileRef = 81E6C2272BD43AA10002857A /* GoogleService-Info.plist */; };
		81E6C22B2BD43D260002857A /* FirebaseAnalytics in Frameworks */ = {isa = PBXBuildFile; productRef = 81E6C22A2BD43D260002857A /* FirebaseAnalytics */; };
		81E6C22D2BD43D260002857A /* FirebaseAnalyticsOnDeviceConversion in Frameworks */ = {isa = PBXBuildFile; productRef = 81E6C22C2BD43D260002857A /* FirebaseAnalyticsOnDeviceConversion */; };
		81E6C22F2BD43D260002857A /* FirebaseAnalyticsSwift in Frameworks */ = {isa = PBXBuildFile; productRef = 81E6C22E2BD43D260002857A /* FirebaseAnalyticsSwift */; };
		81E6C2312BD43D260002857A /* FirebaseAnalyticsWithoutAdIdSupport in Frameworks */ = {isa = PBXBuildFile; productRef = 81E6C2302BD43D260002857A /* FirebaseAnalyticsWithoutAdIdSupport */; };
		81E6C2332BD43D260002857A /* FirebaseAppCheck in Frameworks */ = {isa = PBXBuildFile; productRef = 81E6C2322BD43D260002857A /* FirebaseAppCheck */; };
		81E6C2352BD43D260002857A /* FirebaseAppDistribution-Beta in Frameworks */ = {isa = PBXBuildFile; productRef = 81E6C2342BD43D260002857A /* FirebaseAppDistribution-Beta */; };
		81E6C2372BD43D260002857A /* FirebaseAuth in Frameworks */ = {isa = PBXBuildFile; productRef = 81E6C2362BD43D260002857A /* FirebaseAuth */; };
		81E6C2392BD43D260002857A /* FirebaseAuthCombine-Community in Frameworks */ = {isa = PBXBuildFile; productRef = 81E6C2382BD43D260002857A /* FirebaseAuthCombine-Community */; };
		81E6C23B2BD43D260002857A /* FirebaseCrashlytics in Frameworks */ = {isa = PBXBuildFile; productRef = 81E6C23A2BD43D260002857A /* FirebaseCrashlytics */; };
		81E6C23D2BD43D260002857A /* FirebaseDatabase in Frameworks */ = {isa = PBXBuildFile; productRef = 81E6C23C2BD43D260002857A /* FirebaseDatabase */; };
		81E6C23F2BD43D260002857A /* FirebaseDatabaseSwift in Frameworks */ = {isa = PBXBuildFile; productRef = 81E6C23E2BD43D260002857A /* FirebaseDatabaseSwift */; };
		81E6C2412BD43D260002857A /* FirebaseDynamicLinks in Frameworks */ = {isa = PBXBuildFile; productRef = 81E6C2402BD43D260002857A /* FirebaseDynamicLinks */; };
		81E6C2432BD43D260002857A /* FirebaseFirestore in Frameworks */ = {isa = PBXBuildFile; productRef = 81E6C2422BD43D260002857A /* FirebaseFirestore */; };
		81E6C2452BD43D260002857A /* FirebaseFirestoreCombine-Community in Frameworks */ = {isa = PBXBuildFile; productRef = 81E6C2442BD43D260002857A /* FirebaseFirestoreCombine-Community */; };
		81E6C2472BD43D260002857A /* FirebaseFirestoreSwift in Frameworks */ = {isa = PBXBuildFile; productRef = 81E6C2462BD43D260002857A /* FirebaseFirestoreSwift */; };
		81E6C2492BD43D260002857A /* FirebaseFunctions in Frameworks */ = {isa = PBXBuildFile; productRef = 81E6C2482BD43D260002857A /* FirebaseFunctions */; };
		81E6C24B2BD43D260002857A /* FirebaseFunctionsCombine-Community in Frameworks */ = {isa = PBXBuildFile; productRef = 81E6C24A2BD43D260002857A /* FirebaseFunctionsCombine-Community */; };
		81E6C24D2BD43D260002857A /* FirebaseInAppMessaging-Beta in Frameworks */ = {isa = PBXBuildFile; productRef = 81E6C24C2BD43D260002857A /* FirebaseInAppMessaging-Beta */; };
		81E6C24F2BD43D260002857A /* FirebaseInAppMessagingSwift-Beta in Frameworks */ = {isa = PBXBuildFile; productRef = 81E6C24E2BD43D260002857A /* FirebaseInAppMessagingSwift-Beta */; };
		81E6C2512BD43D260002857A /* FirebaseInstallations in Frameworks */ = {isa = PBXBuildFile; productRef = 81E6C2502BD43D260002857A /* FirebaseInstallations */; };
		81E6C2532BD43D260002857A /* FirebaseMLModelDownloader in Frameworks */ = {isa = PBXBuildFile; productRef = 81E6C2522BD43D260002857A /* FirebaseMLModelDownloader */; };
		81E6C2552BD43D260002857A /* FirebaseMessaging in Frameworks */ = {isa = PBXBuildFile; productRef = 81E6C2542BD43D260002857A /* FirebaseMessaging */; };
		81E6C2572BD43D260002857A /* FirebasePerformance in Frameworks */ = {isa = PBXBuildFile; productRef = 81E6C2562BD43D260002857A /* FirebasePerformance */; };
		81E6C2592BD43D260002857A /* FirebaseRemoteConfig in Frameworks */ = {isa = PBXBuildFile; productRef = 81E6C2582BD43D260002857A /* FirebaseRemoteConfig */; };
		81E6C25B2BD43D260002857A /* FirebaseRemoteConfigSwift in Frameworks */ = {isa = PBXBuildFile; productRef = 81E6C25A2BD43D260002857A /* FirebaseRemoteConfigSwift */; };
		81E6C25D2BD43D260002857A /* FirebaseStorage in Frameworks */ = {isa = PBXBuildFile; productRef = 81E6C25C2BD43D260002857A /* FirebaseStorage */; };
		81E6C25F2BD43D260002857A /* FirebaseStorageCombine-Community in Frameworks */ = {isa = PBXBuildFile; productRef = 81E6C25E2BD43D260002857A /* FirebaseStorageCombine-Community */; };
/* End PBXBuildFile section */

/* Begin PBXFileReference section */
		6E7065B22BDD62E5005DE93D /* View */ = {isa = PBXFileReference; lastKnownFileType = folder; path = View; sourceTree = "<group>"; };
		6E7065BC2BDD63FF005DE93D /* Model */ = {isa = PBXFileReference; lastKnownFileType = folder; path = Model; sourceTree = "<group>"; };
		6ED4DCB42BD33C2300032E6B /* Pokket.app */ = {isa = PBXFileReference; explicitFileType = wrapper.application; includeInIndex = 0; path = Pokket.app; sourceTree = BUILT_PRODUCTS_DIR; };
		6ED4DCB72BD33C2300032E6B /* PokketApp.swift */ = {isa = PBXFileReference; lastKnownFileType = sourcecode.swift; path = PokketApp.swift; sourceTree = "<group>"; };
		6ED4DCBB2BD33C2500032E6B /* Assets.xcassets */ = {isa = PBXFileReference; lastKnownFileType = folder.assetcatalog; path = Assets.xcassets; sourceTree = "<group>"; };
		6ED4DCBE2BD33C2500032E6B /* Preview Assets.xcassets */ = {isa = PBXFileReference; lastKnownFileType = folder.assetcatalog; path = "Preview Assets.xcassets"; sourceTree = "<group>"; };
		81E6C2272BD43AA10002857A /* GoogleService-Info.plist */ = {isa = PBXFileReference; fileEncoding = 4; lastKnownFileType = text.plist.xml; path = "GoogleService-Info.plist"; sourceTree = "<group>"; };
/* End PBXFileReference section */

/* Begin PBXFrameworksBuildPhase section */
		6ED4DCB12BD33C2300032E6B /* Frameworks */ = {
			isa = PBXFrameworksBuildPhase;
			buildActionMask = 2147483647;
			files = (
				81E6C23D2BD43D260002857A /* FirebaseDatabase in Frameworks */,
				81E6C24B2BD43D260002857A /* FirebaseFunctionsCombine-Community in Frameworks */,
				81E6C2432BD43D260002857A /* FirebaseFirestore in Frameworks */,
				81E6C22F2BD43D260002857A /* FirebaseAnalyticsSwift in Frameworks */,
				81E6C22B2BD43D260002857A /* FirebaseAnalytics in Frameworks */,
				81E6C22D2BD43D260002857A /* FirebaseAnalyticsOnDeviceConversion in Frameworks */,
				81E6C2532BD43D260002857A /* FirebaseMLModelDownloader in Frameworks */,
				81E6C2472BD43D260002857A /* FirebaseFirestoreSwift in Frameworks */,
				81E6C2332BD43D260002857A /* FirebaseAppCheck in Frameworks */,
				81E6C2312BD43D260002857A /* FirebaseAnalyticsWithoutAdIdSupport in Frameworks */,
				81E6C2372BD43D260002857A /* FirebaseAuth in Frameworks */,
				81E6C23B2BD43D260002857A /* FirebaseCrashlytics in Frameworks */,
				81E6C25B2BD43D260002857A /* FirebaseRemoteConfigSwift in Frameworks */,
				81E6C24D2BD43D260002857A /* FirebaseInAppMessaging-Beta in Frameworks */,
				81E6C23F2BD43D260002857A /* FirebaseDatabaseSwift in Frameworks */,
				81E6C2492BD43D260002857A /* FirebaseFunctions in Frameworks */,
				81E6C25F2BD43D260002857A /* FirebaseStorageCombine-Community in Frameworks */,
				81E6C2592BD43D260002857A /* FirebaseRemoteConfig in Frameworks */,
				81E6C2352BD43D260002857A /* FirebaseAppDistribution-Beta in Frameworks */,
				81E6C2392BD43D260002857A /* FirebaseAuthCombine-Community in Frameworks */,
				81E6C2572BD43D260002857A /* FirebasePerformance in Frameworks */,
				81E6C24F2BD43D260002857A /* FirebaseInAppMessagingSwift-Beta in Frameworks */,
				81E6C25D2BD43D260002857A /* FirebaseStorage in Frameworks */,
				81E6C2412BD43D260002857A /* FirebaseDynamicLinks in Frameworks */,
				81E6C2452BD43D260002857A /* FirebaseFirestoreCombine-Community in Frameworks */,
				81E6C2552BD43D260002857A /* FirebaseMessaging in Frameworks */,
				81E6C2512BD43D260002857A /* FirebaseInstallations in Frameworks */,
			);
			runOnlyForDeploymentPostprocessing = 0;
		};
/* End PBXFrameworksBuildPhase section */

/* Begin PBXGroup section */
		6ED4DCAB2BD33C2300032E6B = {
			isa = PBXGroup;
			children = (
				6ED4DCB62BD33C2300032E6B /* Pokket */,
				6ED4DCB52BD33C2300032E6B /* Products */,
			);
			sourceTree = "<group>";
		};
		6ED4DCB52BD33C2300032E6B /* Products */ = {
			isa = PBXGroup;
			children = (
				6ED4DCB42BD33C2300032E6B /* Pokket.app */,
			);
			name = Products;
			sourceTree = "<group>";
		};
		6ED4DCB62BD33C2300032E6B /* Pokket */ = {
			isa = PBXGroup;
			children = (
				6E7065BC2BDD63FF005DE93D /* Model */,
				6ED4DCB72BD33C2300032E6B /* PokketApp.swift */,
				6E7065B22BDD62E5005DE93D /* View */,
				6ED4DCBB2BD33C2500032E6B /* Assets.xcassets */,
				6ED4DCBD2BD33C2500032E6B /* Preview Content */,
				81E6C2272BD43AA10002857A /* GoogleService-Info.plist */,
			);
			path = Pokket;
			sourceTree = "<group>";
		};
		6ED4DCBD2BD33C2500032E6B /* Preview Content */ = {
			isa = PBXGroup;
			children = (
				6ED4DCBE2BD33C2500032E6B /* Preview Assets.xcassets */,
			);
			path = "Preview Content";
			sourceTree = "<group>";
		};
/* End PBXGroup section */

/* Begin PBXNativeTarget section */
		6ED4DCB32BD33C2300032E6B /* Pokket */ = {
			isa = PBXNativeTarget;
			buildConfigurationList = 6ED4DCC22BD33C2500032E6B /* Build configuration list for PBXNativeTarget "Pokket" */;
			buildPhases = (
				6ED4DCB02BD33C2300032E6B /* Sources */,
				6ED4DCB12BD33C2300032E6B /* Frameworks */,
				6ED4DCB22BD33C2300032E6B /* Resources */,
			);
			buildRules = (
			);
			dependencies = (
			);
			name = Pokket;
			packageProductDependencies = (
				81E6C22A2BD43D260002857A /* FirebaseAnalytics */,
				81E6C22C2BD43D260002857A /* FirebaseAnalyticsOnDeviceConversion */,
				81E6C22E2BD43D260002857A /* FirebaseAnalyticsSwift */,
				81E6C2302BD43D260002857A /* FirebaseAnalyticsWithoutAdIdSupport */,
				81E6C2322BD43D260002857A /* FirebaseAppCheck */,
				81E6C2342BD43D260002857A /* FirebaseAppDistribution-Beta */,
				81E6C2362BD43D260002857A /* FirebaseAuth */,
				81E6C2382BD43D260002857A /* FirebaseAuthCombine-Community */,
				81E6C23A2BD43D260002857A /* FirebaseCrashlytics */,
				81E6C23C2BD43D260002857A /* FirebaseDatabase */,
				81E6C23E2BD43D260002857A /* FirebaseDatabaseSwift */,
				81E6C2402BD43D260002857A /* FirebaseDynamicLinks */,
				81E6C2422BD43D260002857A /* FirebaseFirestore */,
				81E6C2442BD43D260002857A /* FirebaseFirestoreCombine-Community */,
				81E6C2462BD43D260002857A /* FirebaseFirestoreSwift */,
				81E6C2482BD43D260002857A /* FirebaseFunctions */,
				81E6C24A2BD43D260002857A /* FirebaseFunctionsCombine-Community */,
				81E6C24C2BD43D260002857A /* FirebaseInAppMessaging-Beta */,
				81E6C24E2BD43D260002857A /* FirebaseInAppMessagingSwift-Beta */,
				81E6C2502BD43D260002857A /* FirebaseInstallations */,
				81E6C2522BD43D260002857A /* FirebaseMLModelDownloader */,
				81E6C2542BD43D260002857A /* FirebaseMessaging */,
				81E6C2562BD43D260002857A /* FirebasePerformance */,
				81E6C2582BD43D260002857A /* FirebaseRemoteConfig */,
				81E6C25A2BD43D260002857A /* FirebaseRemoteConfigSwift */,
				81E6C25C2BD43D260002857A /* FirebaseStorage */,
				81E6C25E2BD43D260002857A /* FirebaseStorageCombine-Community */,
			);
			productName = Pokket;
			productReference = 6ED4DCB42BD33C2300032E6B /* Pokket.app */;
			productType = "com.apple.product-type.application";
		};
/* End PBXNativeTarget section */

/* Begin PBXProject section */
		6ED4DCAC2BD33C2300032E6B /* Project object */ = {
			isa = PBXProject;
			attributes = {
				BuildIndependentTargetsInParallel = 1;
				LastSwiftUpdateCheck = 1520;
				LastUpgradeCheck = 1520;
				TargetAttributes = {
					6ED4DCB32BD33C2300032E6B = {
						CreatedOnToolsVersion = 15.2;
					};
				};
			};
			buildConfigurationList = 6ED4DCAF2BD33C2300032E6B /* Build configuration list for PBXProject "Pokket" */;
			compatibilityVersion = "Xcode 14.0";
			developmentRegion = en;
			hasScannedForEncodings = 0;
			knownRegions = (
				en,
				Base,
			);
			mainGroup = 6ED4DCAB2BD33C2300032E6B;
			packageReferences = (
				81E6C2292BD43B690002857A /* XCRemoteSwiftPackageReference "firebase-ios-sdk" */,
			);
			productRefGroup = 6ED4DCB52BD33C2300032E6B /* Products */;
			projectDirPath = "";
			projectRoot = "";
			targets = (
				6ED4DCB32BD33C2300032E6B /* Pokket */,
			);
		};
/* End PBXProject section */

/* Begin PBXResourcesBuildPhase section */
		6ED4DCB22BD33C2300032E6B /* Resources */ = {
			isa = PBXResourcesBuildPhase;
			buildActionMask = 2147483647;
			files = (
				6E7065BD2BDD63FF005DE93D /* Model in Resources */,
				6ED4DCBF2BD33C2500032E6B /* Preview Assets.xcassets in Resources */,
				6ED4DCBC2BD33C2500032E6B /* Assets.xcassets in Resources */,
				6E7065B32BDD62E5005DE93D /* View in Resources */,
				81E6C2282BD43AA10002857A /* GoogleService-Info.plist in Resources */,
			);
			runOnlyForDeploymentPostprocessing = 0;
		};
/* End PBXResourcesBuildPhase section */

/* Begin PBXSourcesBuildPhase section */
		6ED4DCB02BD33C2300032E6B /* Sources */ = {
			isa = PBXSourcesBuildPhase;
			buildActionMask = 2147483647;
			files = (
				6ED4DCB82BD33C2300032E6B /* PokketApp.swift in Sources */,
			);
			runOnlyForDeploymentPostprocessing = 0;
		};
/* End PBXSourcesBuildPhase section */

/* Begin XCBuildConfiguration section */
		6ED4DCC02BD33C2500032E6B /* Debug */ = {
			isa = XCBuildConfiguration;
			buildSettings = {
				ALWAYS_SEARCH_USER_PATHS = NO;
				ASSETCATALOG_COMPILER_GENERATE_SWIFT_ASSET_SYMBOL_EXTENSIONS = YES;
				CLANG_ANALYZER_NONNULL = YES;
				CLANG_ANALYZER_NUMBER_OBJECT_CONVERSION = YES_AGGRESSIVE;
				CLANG_CXX_LANGUAGE_STANDARD = "gnu++20";
				CLANG_ENABLE_MODULES = YES;
				CLANG_ENABLE_OBJC_ARC = YES;
				CLANG_ENABLE_OBJC_WEAK = YES;
				CLANG_WARN_BLOCK_CAPTURE_AUTORELEASING = YES;
				CLANG_WARN_BOOL_CONVERSION = YES;
				CLANG_WARN_COMMA = YES;
				CLANG_WARN_CONSTANT_CONVERSION = YES;
				CLANG_WARN_DEPRECATED_OBJC_IMPLEMENTATIONS = YES;
				CLANG_WARN_DIRECT_OBJC_ISA_USAGE = YES_ERROR;
				CLANG_WARN_DOCUMENTATION_COMMENTS = YES;
				CLANG_WARN_EMPTY_BODY = YES;
				CLANG_WARN_ENUM_CONVERSION = YES;
				CLANG_WARN_INFINITE_RECURSION = YES;
				CLANG_WARN_INT_CONVERSION = YES;
				CLANG_WARN_NON_LITERAL_NULL_CONVERSION = YES;
				CLANG_WARN_OBJC_IMPLICIT_RETAIN_SELF = YES;
				CLANG_WARN_OBJC_LITERAL_CONVERSION = YES;
				CLANG_WARN_OBJC_ROOT_CLASS = YES_ERROR;
				CLANG_WARN_QUOTED_INCLUDE_IN_FRAMEWORK_HEADER = YES;
				CLANG_WARN_RANGE_LOOP_ANALYSIS = YES;
				CLANG_WARN_STRICT_PROTOTYPES = YES;
				CLANG_WARN_SUSPICIOUS_MOVE = YES;
				CLANG_WARN_UNGUARDED_AVAILABILITY = YES_AGGRESSIVE;
				CLANG_WARN_UNREACHABLE_CODE = YES;
				CLANG_WARN__DUPLICATE_METHOD_MATCH = YES;
				COPY_PHASE_STRIP = NO;
				DEBUG_INFORMATION_FORMAT = dwarf;
				ENABLE_STRICT_OBJC_MSGSEND = YES;
				ENABLE_TESTABILITY = YES;
				ENABLE_USER_SCRIPT_SANDBOXING = YES;
				GCC_C_LANGUAGE_STANDARD = gnu17;
				GCC_DYNAMIC_NO_PIC = NO;
				GCC_NO_COMMON_BLOCKS = YES;
				GCC_OPTIMIZATION_LEVEL = 0;
				GCC_PREPROCESSOR_DEFINITIONS = (
					"DEBUG=1",
					"$(inherited)",
				);
				GCC_WARN_64_TO_32_BIT_CONVERSION = YES;
				GCC_WARN_ABOUT_RETURN_TYPE = YES_ERROR;
				GCC_WARN_UNDECLARED_SELECTOR = YES;
				GCC_WARN_UNINITIALIZED_AUTOS = YES_AGGRESSIVE;
				GCC_WARN_UNUSED_FUNCTION = YES;
				GCC_WARN_UNUSED_VARIABLE = YES;
				IPHONEOS_DEPLOYMENT_TARGET = 17.2;
				LOCALIZATION_PREFERS_STRING_CATALOGS = YES;
				MTL_ENABLE_DEBUG_INFO = INCLUDE_SOURCE;
				MTL_FAST_MATH = YES;
				ONLY_ACTIVE_ARCH = YES;
				SDKROOT = iphoneos;
				SWIFT_ACTIVE_COMPILATION_CONDITIONS = "DEBUG $(inherited)";
				SWIFT_OPTIMIZATION_LEVEL = "-Onone";
			};
			name = Debug;
		};
		6ED4DCC12BD33C2500032E6B /* Release */ = {
			isa = XCBuildConfiguration;
			buildSettings = {
				ALWAYS_SEARCH_USER_PATHS = NO;
				ASSETCATALOG_COMPILER_GENERATE_SWIFT_ASSET_SYMBOL_EXTENSIONS = YES;
				CLANG_ANALYZER_NONNULL = YES;
				CLANG_ANALYZER_NUMBER_OBJECT_CONVERSION = YES_AGGRESSIVE;
				CLANG_CXX_LANGUAGE_STANDARD = "gnu++20";
				CLANG_ENABLE_MODULES = YES;
				CLANG_ENABLE_OBJC_ARC = YES;
				CLANG_ENABLE_OBJC_WEAK = YES;
				CLANG_WARN_BLOCK_CAPTURE_AUTORELEASING = YES;
				CLANG_WARN_BOOL_CONVERSION = YES;
				CLANG_WARN_COMMA = YES;
				CLANG_WARN_CONSTANT_CONVERSION = YES;
				CLANG_WARN_DEPRECATED_OBJC_IMPLEMENTATIONS = YES;
				CLANG_WARN_DIRECT_OBJC_ISA_USAGE = YES_ERROR;
				CLANG_WARN_DOCUMENTATION_COMMENTS = YES;
				CLANG_WARN_EMPTY_BODY = YES;
				CLANG_WARN_ENUM_CONVERSION = YES;
				CLANG_WARN_INFINITE_RECURSION = YES;
				CLANG_WARN_INT_CONVERSION = YES;
				CLANG_WARN_NON_LITERAL_NULL_CONVERSION = YES;
				CLANG_WARN_OBJC_IMPLICIT_RETAIN_SELF = YES;
				CLANG_WARN_OBJC_LITERAL_CONVERSION = YES;
				CLANG_WARN_OBJC_ROOT_CLASS = YES_ERROR;
				CLANG_WARN_QUOTED_INCLUDE_IN_FRAMEWORK_HEADER = YES;
				CLANG_WARN_RANGE_LOOP_ANALYSIS = YES;
				CLANG_WARN_STRICT_PROTOTYPES = YES;
				CLANG_WARN_SUSPICIOUS_MOVE = YES;
				CLANG_WARN_UNGUARDED_AVAILABILITY = YES_AGGRESSIVE;
				CLANG_WARN_UNREACHABLE_CODE = YES;
				CLANG_WARN__DUPLICATE_METHOD_MATCH = YES;
				COPY_PHASE_STRIP = NO;
				DEBUG_INFORMATION_FORMAT = "dwarf-with-dsym";
				ENABLE_NS_ASSERTIONS = NO;
				ENABLE_STRICT_OBJC_MSGSEND = YES;
				ENABLE_USER_SCRIPT_SANDBOXING = YES;
				GCC_C_LANGUAGE_STANDARD = gnu17;
				GCC_NO_COMMON_BLOCKS = YES;
				GCC_WARN_64_TO_32_BIT_CONVERSION = YES;
				GCC_WARN_ABOUT_RETURN_TYPE = YES_ERROR;
				GCC_WARN_UNDECLARED_SELECTOR = YES;
				GCC_WARN_UNINITIALIZED_AUTOS = YES_AGGRESSIVE;
				GCC_WARN_UNUSED_FUNCTION = YES;
				GCC_WARN_UNUSED_VARIABLE = YES;
				IPHONEOS_DEPLOYMENT_TARGET = 17.2;
				LOCALIZATION_PREFERS_STRING_CATALOGS = YES;
				MTL_ENABLE_DEBUG_INFO = NO;
				MTL_FAST_MATH = YES;
				SDKROOT = iphoneos;
				SWIFT_COMPILATION_MODE = wholemodule;
				VALIDATE_PRODUCT = YES;
			};
			name = Release;
		};
		6ED4DCC32BD33C2500032E6B /* Debug */ = {
			isa = XCBuildConfiguration;
			buildSettings = {
				ASSETCATALOG_COMPILER_APPICON_NAME = AppIcon;
				ASSETCATALOG_COMPILER_GLOBAL_ACCENT_COLOR_NAME = AccentColor;
				CODE_SIGN_STYLE = Automatic;
				CURRENT_PROJECT_VERSION = 1;
				DEVELOPMENT_ASSET_PATHS = "\"Pokket/Preview Content\"";
				DEVELOPMENT_TEAM = VK2PRX795K;
				ENABLE_PREVIEWS = YES;
				GENERATE_INFOPLIST_FILE = YES;
				INFOPLIST_KEY_UIApplicationSceneManifest_Generation = YES;
				INFOPLIST_KEY_UIApplicationSupportsIndirectInputEvents = YES;
				INFOPLIST_KEY_UILaunchScreen_Generation = YES;
				INFOPLIST_KEY_UISupportedInterfaceOrientations_iPad = "UIInterfaceOrientationPortrait UIInterfaceOrientationPortraitUpsideDown UIInterfaceOrientationLandscapeLeft UIInterfaceOrientationLandscapeRight";
				INFOPLIST_KEY_UISupportedInterfaceOrientations_iPhone = "UIInterfaceOrientationPortrait UIInterfaceOrientationLandscapeLeft UIInterfaceOrientationLandscapeRight";
				IPHONEOS_DEPLOYMENT_TARGET = 17.0;
				LD_RUNPATH_SEARCH_PATHS = (
					"$(inherited)",
					"@executable_path/Frameworks",
				);
				MARKETING_VERSION = 1.0;
				PRODUCT_BUNDLE_IDENTIFIER = dev.mhuynh.Pokket;
				PRODUCT_NAME = "$(TARGET_NAME)";
				SWIFT_EMIT_LOC_STRINGS = YES;
				SWIFT_VERSION = 5.0;
				TARGETED_DEVICE_FAMILY = "1,2";
			};
			name = Debug;
		};
		6ED4DCC42BD33C2500032E6B /* Release */ = {
			isa = XCBuildConfiguration;
			buildSettings = {
				ASSETCATALOG_COMPILER_APPICON_NAME = AppIcon;
				ASSETCATALOG_COMPILER_GLOBAL_ACCENT_COLOR_NAME = AccentColor;
				CODE_SIGN_STYLE = Automatic;
				CURRENT_PROJECT_VERSION = 1;
				DEVELOPMENT_ASSET_PATHS = "\"Pokket/Preview Content\"";
				DEVELOPMENT_TEAM = VK2PRX795K;
				ENABLE_PREVIEWS = YES;
				GENERATE_INFOPLIST_FILE = YES;
				INFOPLIST_KEY_UIApplicationSceneManifest_Generation = YES;
				INFOPLIST_KEY_UIApplicationSupportsIndirectInputEvents = YES;
				INFOPLIST_KEY_UILaunchScreen_Generation = YES;
				INFOPLIST_KEY_UISupportedInterfaceOrientations_iPad = "UIInterfaceOrientationPortrait UIInterfaceOrientationPortraitUpsideDown UIInterfaceOrientationLandscapeLeft UIInterfaceOrientationLandscapeRight";
				INFOPLIST_KEY_UISupportedInterfaceOrientations_iPhone = "UIInterfaceOrientationPortrait UIInterfaceOrientationLandscapeLeft UIInterfaceOrientationLandscapeRight";
				IPHONEOS_DEPLOYMENT_TARGET = 17.0;
				LD_RUNPATH_SEARCH_PATHS = (
					"$(inherited)",
					"@executable_path/Frameworks",
				);
				MARKETING_VERSION = 1.0;
				PRODUCT_BUNDLE_IDENTIFIER = dev.mhuynh.Pokket;
				PRODUCT_NAME = "$(TARGET_NAME)";
				SWIFT_EMIT_LOC_STRINGS = YES;
				SWIFT_VERSION = 5.0;
				TARGETED_DEVICE_FAMILY = "1,2";
			};
			name = Release;
		};
/* End XCBuildConfiguration section */

/* Begin XCConfigurationList section */
		6ED4DCAF2BD33C2300032E6B /* Build configuration list for PBXProject "Pokket" */ = {
			isa = XCConfigurationList;
			buildConfigurations = (
				6ED4DCC02BD33C2500032E6B /* Debug */,
				6ED4DCC12BD33C2500032E6B /* Release */,
			);
			defaultConfigurationIsVisible = 0;
			defaultConfigurationName = Release;
		};
		6ED4DCC22BD33C2500032E6B /* Build configuration list for PBXNativeTarget "Pokket" */ = {
			isa = XCConfigurationList;
			buildConfigurations = (
				6ED4DCC32BD33C2500032E6B /* Debug */,
				6ED4DCC42BD33C2500032E6B /* Release */,
			);
			defaultConfigurationIsVisible = 0;
			defaultConfigurationName = Release;
		};
/* End XCConfigurationList section */

/* Begin XCRemoteSwiftPackageReference section */
		81E6C2292BD43B690002857A /* XCRemoteSwiftPackageReference "firebase-ios-sdk" */ = {
			isa = XCRemoteSwiftPackageReference;
			repositoryURL = "https://github.com/firebase/firebase-ios-sdk";
			requirement = {
				kind = upToNextMajorVersion;
				minimumVersion = 10.24.0;
			};
		};
/* End XCRemoteSwiftPackageReference section */

/* Begin XCSwiftPackageProductDependency section */
		81E6C22A2BD43D260002857A /* FirebaseAnalytics */ = {
			isa = XCSwiftPackageProductDependency;
			package = 81E6C2292BD43B690002857A /* XCRemoteSwiftPackageReference "firebase-ios-sdk" */;
			productName = FirebaseAnalytics;
		};
		81E6C22C2BD43D260002857A /* FirebaseAnalyticsOnDeviceConversion */ = {
			isa = XCSwiftPackageProductDependency;
			package = 81E6C2292BD43B690002857A /* XCRemoteSwiftPackageReference "firebase-ios-sdk" */;
			productName = FirebaseAnalyticsOnDeviceConversion;
		};
		81E6C22E2BD43D260002857A /* FirebaseAnalyticsSwift */ = {
			isa = XCSwiftPackageProductDependency;
			package = 81E6C2292BD43B690002857A /* XCRemoteSwiftPackageReference "firebase-ios-sdk" */;
			productName = FirebaseAnalyticsSwift;
		};
		81E6C2302BD43D260002857A /* FirebaseAnalyticsWithoutAdIdSupport */ = {
			isa = XCSwiftPackageProductDependency;
			package = 81E6C2292BD43B690002857A /* XCRemoteSwiftPackageReference "firebase-ios-sdk" */;
			productName = FirebaseAnalyticsWithoutAdIdSupport;
		};
		81E6C2322BD43D260002857A /* FirebaseAppCheck */ = {
			isa = XCSwiftPackageProductDependency;
			package = 81E6C2292BD43B690002857A /* XCRemoteSwiftPackageReference "firebase-ios-sdk" */;
			productName = FirebaseAppCheck;
		};
		81E6C2342BD43D260002857A /* FirebaseAppDistribution-Beta */ = {
			isa = XCSwiftPackageProductDependency;
			package = 81E6C2292BD43B690002857A /* XCRemoteSwiftPackageReference "firebase-ios-sdk" */;
			productName = "FirebaseAppDistribution-Beta";
		};
		81E6C2362BD43D260002857A /* FirebaseAuth */ = {
			isa = XCSwiftPackageProductDependency;
			package = 81E6C2292BD43B690002857A /* XCRemoteSwiftPackageReference "firebase-ios-sdk" */;
			productName = FirebaseAuth;
		};
		81E6C2382BD43D260002857A /* FirebaseAuthCombine-Community */ = {
			isa = XCSwiftPackageProductDependency;
			package = 81E6C2292BD43B690002857A /* XCRemoteSwiftPackageReference "firebase-ios-sdk" */;
			productName = "FirebaseAuthCombine-Community";
		};
		81E6C23A2BD43D260002857A /* FirebaseCrashlytics */ = {
			isa = XCSwiftPackageProductDependency;
			package = 81E6C2292BD43B690002857A /* XCRemoteSwiftPackageReference "firebase-ios-sdk" */;
			productName = FirebaseCrashlytics;
		};
		81E6C23C2BD43D260002857A /* FirebaseDatabase */ = {
			isa = XCSwiftPackageProductDependency;
			package = 81E6C2292BD43B690002857A /* XCRemoteSwiftPackageReference "firebase-ios-sdk" */;
			productName = FirebaseDatabase;
		};
		81E6C23E2BD43D260002857A /* FirebaseDatabaseSwift */ = {
			isa = XCSwiftPackageProductDependency;
			package = 81E6C2292BD43B690002857A /* XCRemoteSwiftPackageReference "firebase-ios-sdk" */;
			productName = FirebaseDatabaseSwift;
		};
		81E6C2402BD43D260002857A /* FirebaseDynamicLinks */ = {
			isa = XCSwiftPackageProductDependency;
			package = 81E6C2292BD43B690002857A /* XCRemoteSwiftPackageReference "firebase-ios-sdk" */;
			productName = FirebaseDynamicLinks;
		};
		81E6C2422BD43D260002857A /* FirebaseFirestore */ = {
			isa = XCSwiftPackageProductDependency;
			package = 81E6C2292BD43B690002857A /* XCRemoteSwiftPackageReference "firebase-ios-sdk" */;
			productName = FirebaseFirestore;
		};
		81E6C2442BD43D260002857A /* FirebaseFirestoreCombine-Community */ = {
			isa = XCSwiftPackageProductDependency;
			package = 81E6C2292BD43B690002857A /* XCRemoteSwiftPackageReference "firebase-ios-sdk" */;
			productName = "FirebaseFirestoreCombine-Community";
		};
		81E6C2462BD43D260002857A /* FirebaseFirestoreSwift */ = {
			isa = XCSwiftPackageProductDependency;
			package = 81E6C2292BD43B690002857A /* XCRemoteSwiftPackageReference "firebase-ios-sdk" */;
			productName = FirebaseFirestoreSwift;
		};
		81E6C2482BD43D260002857A /* FirebaseFunctions */ = {
			isa = XCSwiftPackageProductDependency;
			package = 81E6C2292BD43B690002857A /* XCRemoteSwiftPackageReference "firebase-ios-sdk" */;
			productName = FirebaseFunctions;
		};
		81E6C24A2BD43D260002857A /* FirebaseFunctionsCombine-Community */ = {
			isa = XCSwiftPackageProductDependency;
			package = 81E6C2292BD43B690002857A /* XCRemoteSwiftPackageReference "firebase-ios-sdk" */;
			productName = "FirebaseFunctionsCombine-Community";
		};
		81E6C24C2BD43D260002857A /* FirebaseInAppMessaging-Beta */ = {
			isa = XCSwiftPackageProductDependency;
			package = 81E6C2292BD43B690002857A /* XCRemoteSwiftPackageReference "firebase-ios-sdk" */;
			productName = "FirebaseInAppMessaging-Beta";
		};
		81E6C24E2BD43D260002857A /* FirebaseInAppMessagingSwift-Beta */ = {
			isa = XCSwiftPackageProductDependency;
			package = 81E6C2292BD43B690002857A /* XCRemoteSwiftPackageReference "firebase-ios-sdk" */;
			productName = "FirebaseInAppMessagingSwift-Beta";
		};
		81E6C2502BD43D260002857A /* FirebaseInstallations */ = {
			isa = XCSwiftPackageProductDependency;
			package = 81E6C2292BD43B690002857A /* XCRemoteSwiftPackageReference "firebase-ios-sdk" */;
			productName = FirebaseInstallations;
		};
		81E6C2522BD43D260002857A /* FirebaseMLModelDownloader */ = {
			isa = XCSwiftPackageProductDependency;
			package = 81E6C2292BD43B690002857A /* XCRemoteSwiftPackageReference "firebase-ios-sdk" */;
			productName = FirebaseMLModelDownloader;
		};
		81E6C2542BD43D260002857A /* FirebaseMessaging */ = {
			isa = XCSwiftPackageProductDependency;
			package = 81E6C2292BD43B690002857A /* XCRemoteSwiftPackageReference "firebase-ios-sdk" */;
			productName = FirebaseMessaging;
		};
		81E6C2562BD43D260002857A /* FirebasePerformance */ = {
			isa = XCSwiftPackageProductDependency;
			package = 81E6C2292BD43B690002857A /* XCRemoteSwiftPackageReference "firebase-ios-sdk" */;
			productName = FirebasePerformance;
		};
		81E6C2582BD43D260002857A /* FirebaseRemoteConfig */ = {
			isa = XCSwiftPackageProductDependency;
			package = 81E6C2292BD43B690002857A /* XCRemoteSwiftPackageReference "firebase-ios-sdk" */;
			productName = FirebaseRemoteConfig;
		};
		81E6C25A2BD43D260002857A /* FirebaseRemoteConfigSwift */ = {
			isa = XCSwiftPackageProductDependency;
			package = 81E6C2292BD43B690002857A /* XCRemoteSwiftPackageReference "firebase-ios-sdk" */;
			productName = FirebaseRemoteConfigSwift;
		};
		81E6C25C2BD43D260002857A /* FirebaseStorage */ = {
			isa = XCSwiftPackageProductDependency;
			package = 81E6C2292BD43B690002857A /* XCRemoteSwiftPackageReference "firebase-ios-sdk" */;
			productName = FirebaseStorage;
		};
		81E6C25E2BD43D260002857A /* FirebaseStorageCombine-Community */ = {
			isa = XCSwiftPackageProductDependency;
			package = 81E6C2292BD43B690002857A /* XCRemoteSwiftPackageReference "firebase-ios-sdk" */;
			productName = "FirebaseStorageCombine-Community";
		};
/* End XCSwiftPackageProductDependency section */
	};
	rootObject = 6ED4DCAC2BD33C2300032E6B /* Project object */;
}
